
Microsoft Visual Studio Solution File, Format Version 12.00
# Visual Studio Version 16
VisualStudioVersion = 16.0.29613.14
MinimumVisualStudioVersion = 10.0.40219.1
Project("{FAE04EC0-301F-11D3-BF4B-00C04F79EFBC}") = "EventManagement", "WebApplication1\EventManagement.csproj", "{8F633C70-E56E-4E7D-9667-BAD1E9E797EF}"
EndProject
Global
	GlobalSection(SolutionConfigurationPlatforms) = preSolution
		Debug|Any CPU = Debug|Any CPU
		Release|Any CPU = Release|Any CPU
	EndGlobalSection
	GlobalSection(ProjectConfigurationPlatforms) = postSolution
		{8F633C70-E56E-4E7D-9667-BAD1E9E797EF}.Debug|Any CPU.ActiveCfg = Debug|Any CPU
		{8F633C70-E56E-4E7D-9667-BAD1E9E797EF}.Debug|Any CPU.Build.0 = Debug|Any CPU
		{8F633C70-E56E-4E7D-9667-BAD1E9E797EF}.Release|Any CPU.ActiveCfg = Release|Any CPU
		{8F633C70-E56E-4E7D-9667-BAD1E9E797EF}.Release|Any CPU.Build.0 = Release|Any CPU
	EndGlobalSection
	GlobalSection(SolutionProperties) = preSolution
		HideSolutionNode = FALSE
	EndGlobalSection
	GlobalSection(ExtensibilityGlobals) = postSolution
		SolutionGuid = {662B3640-F5D5-45D0-8B3C-664E32069B9E}
	EndGlobalSection
EndGlobal
